{
  "version": 4,
  "terraform_version": "1.12.1",
  "serial": 244,
  "lineage": "f356a5b0-7a8e-137b-f0ee-2e27984d600a",
  "outputs": {
    "ami_id": {
      "value": "ami-0a7d80731ae1b2435",
      "type": "string"
    },
    "ec2_public_ip": {
      "value": "34.230.5.130",
      "type": "string"
    }
  },
  "resources": [
    {
      "mode": "data",
      "type": "aws_ami",
      "name": "ubuntu",
      "provider": "provider[\"registry.terraform.io/hashicorp/aws\"]",
      "instances": [
        {
          "schema_version": 0,
          "attributes": {
            "architecture": "x86_64",
            "arn": "arn:aws:ec2:us-east-1::image/ami-0a7d80731ae1b2435",
            "block_device_mappings": [
              {
                "device_name": "/dev/sda1",
                "ebs": {
                  "delete_on_termination": "true",
                  "encrypted": "false",
                  "iops": "0",
                  "snapshot_id": "snap-00401753cf6f4b5e3",
                  "throughput": "0",
                  "volume_initialization_rate": "0",
                  "volume_size": "8",
                  "volume_type": "gp2"
                },
                "no_device": "",
                "virtual_name": ""
              },
              {
                "device_name": "/dev/sdb",
                "ebs": {},
                "no_device": "",
                "virtual_name": "ephemeral0"
              },
              {
                "device_name": "/dev/sdc",
                "ebs": {},
                "no_device": "",
                "virtual_name": "ephemeral1"
              }
            ],
            "boot_mode": "uefi-preferred",
            "creation_date": "2025-05-16T06:42:41.000Z",
            "deprecation_time": "2027-05-16T06:42:41.000Z",
            "description": "Canonical, Ubuntu, 22.04, amd64 jammy image",
            "ena_support": true,
            "executable_users": null,
            "filter": [
              {
                "name": "name",
                "values": [
                  "ubuntu/images/hvm-ssd/ubuntu-jammy-22.04-amd64-server-20250516*"
                ]
              },
              {
                "name": "virtualization-type",
                "values": [
                  "hvm"
                ]
              }
            ],
            "hypervisor": "xen",
            "id": "ami-0a7d80731ae1b2435",
            "image_id": "ami-0a7d80731ae1b2435",
            "image_location": "amazon/ubuntu/images/hvm-ssd/ubuntu-jammy-22.04-amd64-server-20250516",
            "image_owner_alias": "amazon",
            "image_type": "machine",
            "imds_support": "",
            "include_deprecated": false,
            "kernel_id": "",
            "last_launched_time": "",
            "most_recent": true,
            "name": "ubuntu/images/hvm-ssd/ubuntu-jammy-22.04-amd64-server-20250516",
            "name_regex": null,
            "owner_id": "099720109477",
            "owners": [
              "099720109477"
            ],
            "platform": "",
            "platform_details": "Linux/UNIX",
            "product_codes": [],
            "public": true,
            "ramdisk_id": "",
            "root_device_name": "/dev/sda1",
            "root_device_type": "ebs",
            "root_snapshot_id": "snap-00401753cf6f4b5e3",
            "sriov_net_support": "simple",
            "state": "available",
            "state_reason": {
              "code": "UNSET",
              "message": "UNSET"
            },
            "tags": {},
            "timeouts": null,
            "tpm_support": "",
            "uefi_data": null,
            "usage_operation": "RunInstances",
            "virtualization_type": "hvm"
          },
          "sensitive_attributes": [],
          "identity_schema_version": 0
        }
      ]
    },
    {
      "mode": "data",
      "type": "aws_iam_policy",
      "name": "codedeploy_policy",
      "provider": "provider[\"registry.terraform.io/hashicorp/aws\"]",
      "instances": [
        {
          "schema_version": 0,
          "attributes": {
            "arn": "arn:aws:iam::aws:policy/service-role/AWSCodeDeployRole",
            "attachment_count": 2,
            "description": "Provides CodeDeploy service access to expand tags and interact with Auto Scaling on your behalf.",
            "id": "arn:aws:iam::aws:policy/service-role/AWSCodeDeployRole",
            "name": "AWSCodeDeployRole",
            "path": "/service-role/",
            "path_prefix": null,
            "policy": "{\n\t\"Version\": \"2012-10-17\",\n\t\"Statement\": [\n\t\t{\n\t\t\t\"Effect\": \"Allow\",\n\t\t\t\"Action\": [\n\t\t\t\t\"autoscaling:CompleteLifecycleAction\",\n\t\t\t\t\"autoscaling:DeleteLifecycleHook\",\n\t\t\t\t\"autoscaling:DescribeAutoScalingGroups\",\n\t\t\t\t\"autoscaling:DescribeLifecycleHooks\",\n\t\t\t\t\"autoscaling:PutLifecycleHook\",\n\t\t\t\t\"autoscaling:RecordLifecycleActionHeartbeat\",\n\t\t\t\t\"autoscaling:CreateAutoScalingGroup\",\n\t\t\t\t\"autoscaling:CreateOrUpdateTags\",\n\t\t\t\t\"autoscaling:UpdateAutoScalingGroup\",\n\t\t\t\t\"autoscaling:EnableMetricsCollection\",\n\t\t\t\t\"autoscaling:DescribePolicies\",\n\t\t\t\t\"autoscaling:DescribeScheduledActions\",\n\t\t\t\t\"autoscaling:DescribeNotificationConfigurations\",\n\t\t\t\t\"autoscaling:SuspendProcesses\",\n\t\t\t\t\"autoscaling:ResumeProcesses\",\n\t\t\t\t\"autoscaling:AttachLoadBalancers\",\n\t\t\t\t\"autoscaling:AttachLoadBalancerTargetGroups\",\n\t\t\t\t\"autoscaling:PutScalingPolicy\",\n\t\t\t\t\"autoscaling:PutScheduledUpdateGroupAction\",\n\t\t\t\t\"autoscaling:PutNotificationConfiguration\",\n\t\t\t\t\"autoscaling:PutWarmPool\",\n\t\t\t\t\"autoscaling:DescribeScalingActivities\",\n\t\t\t\t\"autoscaling:DeleteAutoScalingGroup\",\n\t\t\t\t\"ec2:DescribeInstances\",\n\t\t\t\t\"ec2:DescribeInstanceStatus\",\n\t\t\t\t\"ec2:TerminateInstances\",\n\t\t\t\t\"tag:GetResources\",\n\t\t\t\t\"sns:Publish\",\n\t\t\t\t\"cloudwatch:DescribeAlarms\",\n\t\t\t\t\"cloudwatch:PutMetricAlarm\",\n\t\t\t\t\"elasticloadbalancing:DescribeLoadBalancerAttributes\",\n\t\t\t\t\"elasticloadbalancing:DescribeTargetGroupAttributes\",\n\t\t\t\t\"elasticloadbalancing:DescribeLoadBalancers\",\n\t\t\t\t\"elasticloadbalancing:DescribeInstanceHealth\",\n\t\t\t\t\"elasticloadbalancing:RegisterInstancesWithLoadBalancer\",\n\t\t\t\t\"elasticloadbalancing:DeregisterInstancesFromLoadBalancer\",\n\t\t\t\t\"elasticloadbalancing:DescribeTargetGroups\",\n\t\t\t\t\"elasticloadbalancing:DescribeTargetHealth\",\n\t\t\t\t\"elasticloadbalancing:RegisterTargets\",\n\t\t\t\t\"elasticloadbalancing:DeregisterTargets\"\n\t\t\t],\n\t\t\t\"Resource\": \"*\"\n\t\t}\n\t]\n}",
            "policy_id": "ANPAJ2NKMKD73QS5NBFLA",
            "tags": {}
          },
          "sensitive_attributes": [],
          "identity_schema_version": 0
        }
      ]
    },
    {
      "mode": "data",
      "type": "aws_iam_policy",
      "name": "codepipeline_policy",
      "provider": "provider[\"registry.terraform.io/hashicorp/aws\"]",
      "instances": [
        {
          "schema_version": 0,
          "attributes": {
            "arn": "arn:aws:iam::aws:policy/AWSCodePipeline_FullAccess",
            "attachment_count": 0,
            "description": "Provides full access to AWS CodePipeline via the AWS Management Console.",
            "id": "arn:aws:iam::aws:policy/AWSCodePipeline_FullAccess",
            "name": "AWSCodePipeline_FullAccess",
            "path": "/",
            "path_prefix": null,
            "policy": "{\n\t\"Statement\": [\n\t\t{\n\t\t\t\"Action\": [\n\t\t\t\t\"codepipeline:*\",\n\t\t\t\t\"cloudformation:DescribeStacks\",\n\t\t\t\t\"cloudformation:ListStacks\",\n\t\t\t\t\"cloudformation:ListChangeSets\",\n\t\t\t\t\"cloudtrail:DescribeTrails\",\n\t\t\t\t\"codebuild:BatchGetProjects\",\n\t\t\t\t\"codebuild:CreateProject\",\n\t\t\t\t\"codebuild:ListCuratedEnvironmentImages\",\n\t\t\t\t\"codebuild:ListProjects\",\n\t\t\t\t\"codecommit:ListBranches\",\n\t\t\t\t\"codecommit:GetReferences\",\n\t\t\t\t\"codecommit:ListRepositories\",\n\t\t\t\t\"codedeploy:BatchGetDeploymentGroups\",\n\t\t\t\t\"codedeploy:ListApplications\",\n\t\t\t\t\"codedeploy:ListDeploymentGroups\",\n\t\t\t\t\"ec2:DescribeSecurityGroups\",\n\t\t\t\t\"ec2:DescribeSubnets\",\n\t\t\t\t\"ec2:DescribeVpcs\",\n\t\t\t\t\"ecr:DescribeRepositories\",\n\t\t\t\t\"ecr:ListImages\",\n\t\t\t\t\"ecs:ListClusters\",\n\t\t\t\t\"ecs:ListServices\",\n\t\t\t\t\"elasticbeanstalk:DescribeApplications\",\n\t\t\t\t\"elasticbeanstalk:DescribeEnvironments\",\n\t\t\t\t\"iam:ListRoles\",\n\t\t\t\t\"iam:GetRole\",\n\t\t\t\t\"lambda:ListFunctions\",\n\t\t\t\t\"events:ListRules\",\n\t\t\t\t\"events:ListTargetsByRule\",\n\t\t\t\t\"events:DescribeRule\",\n\t\t\t\t\"opsworks:DescribeApps\",\n\t\t\t\t\"opsworks:DescribeLayers\",\n\t\t\t\t\"opsworks:DescribeStacks\",\n\t\t\t\t\"s3:ListAllMyBuckets\",\n\t\t\t\t\"sns:ListTopics\",\n\t\t\t\t\"codestar-notifications:ListNotificationRules\",\n\t\t\t\t\"codestar-notifications:ListTargets\",\n\t\t\t\t\"codestar-notifications:ListTagsforResource\",\n\t\t\t\t\"codestar-notifications:ListEventTypes\",\n\t\t\t\t\"states:ListStateMachines\"\n\t\t\t],\n\t\t\t\"Effect\": \"Allow\",\n\t\t\t\"Resource\": \"*\",\n\t\t\t\"Sid\": \"CodePipelineAuthoringAccess\"\n\t\t},\n\t\t{\n\t\t\t\"Action\": [\n\t\t\t\t\"s3:GetObject\",\n\t\t\t\t\"s3:ListBucket\",\n\t\t\t\t\"s3:GetBucketPolicy\",\n\t\t\t\t\"s3:GetBucketVersioning\",\n\t\t\t\t\"s3:GetObjectVersion\",\n\t\t\t\t\"s3:CreateBucket\",\n\t\t\t\t\"s3:PutBucketPolicy\"\n\t\t\t],\n\t\t\t\"Effect\": \"Allow\",\n\t\t\t\"Resource\": \"arn:aws:s3::*:codepipeline-*\",\n\t\t\t\"Sid\": \"CodePipelineArtifactsReadWriteAccess\"\n\t\t},\n\t\t{\n\t\t\t\"Action\": [\n\t\t\t\t\"cloudtrail:PutEventSelectors\",\n\t\t\t\t\"cloudtrail:CreateTrail\",\n\t\t\t\t\"cloudtrail:GetEventSelectors\",\n\t\t\t\t\"cloudtrail:StartLogging\"\n\t\t\t],\n\t\t\t\"Effect\": \"Allow\",\n\t\t\t\"Resource\": \"arn:aws:cloudtrail:*:*:trail/codepipeline-source-trail\",\n\t\t\t\"Sid\": \"CodePipelineSourceTrailReadWriteAccess\"\n\t\t},\n\t\t{\n\t\t\t\"Action\": [\n\t\t\t\t\"iam:PassRole\"\n\t\t\t],\n\t\t\t\"Effect\": \"Allow\",\n\t\t\t\"Resource\": [\n\t\t\t\t\"arn:aws:iam::*:role/service-role/cwe-role-*\"\n\t\t\t],\n\t\t\t\"Condition\": {\n\t\t\t\t\"StringEquals\": {\n\t\t\t\t\t\"iam:PassedToService\": [\n\t\t\t\t\t\t\"events.amazonaws.com\"\n\t\t\t\t\t]\n\t\t\t\t}\n\t\t\t},\n\t\t\t\"Sid\": \"EventsIAMPassRole\"\n\t\t},\n\t\t{\n\t\t\t\"Action\": [\n\t\t\t\t\"iam:PassRole\"\n\t\t\t],\n\t\t\t\"Effect\": \"Allow\",\n\t\t\t\"Resource\": \"*\",\n\t\t\t\"Condition\": {\n\t\t\t\t\"StringEquals\": {\n\t\t\t\t\t\"iam:PassedToService\": [\n\t\t\t\t\t\t\"codepipeline.amazonaws.com\"\n\t\t\t\t\t]\n\t\t\t\t}\n\t\t\t},\n\t\t\t\"Sid\": \"CodePipelineIAMPassRole\"\n\t\t},\n\t\t{\n\t\t\t\"Action\": [\n\t\t\t\t\"events:PutRule\",\n\t\t\t\t\"events:PutTargets\",\n\t\t\t\t\"events:DeleteRule\",\n\t\t\t\t\"events:DisableRule\",\n\t\t\t\t\"events:RemoveTargets\"\n\t\t\t],\n\t\t\t\"Effect\": \"Allow\",\n\t\t\t\"Resource\": [\n\t\t\t\t\"arn:aws:events:*:*:rule/codepipeline-*\"\n\t\t\t],\n\t\t\t\"Sid\": \"CodePipelineEventsReadWriteAccess\"\n\t\t},\n\t\t{\n\t\t\t\"Sid\": \"CodeStarNotificationsReadWriteAccess\",\n\t\t\t\"Effect\": \"Allow\",\n\t\t\t\"Action\": [\n\t\t\t\t\"codestar-notifications:CreateNotificationRule\",\n\t\t\t\t\"codestar-notifications:DescribeNotificationRule\",\n\t\t\t\t\"codestar-notifications:UpdateNotificationRule\",\n\t\t\t\t\"codestar-notifications:DeleteNotificationRule\",\n\t\t\t\t\"codestar-notifications:Subscribe\",\n\t\t\t\t\"codestar-notifications:Unsubscribe\"\n\t\t\t],\n\t\t\t\"Resource\": \"*\",\n\t\t\t\"Condition\": {\n\t\t\t\t\"StringLike\": {\n\t\t\t\t\t\"codestar-notifications:NotificationsForResource\": \"arn:aws:codepipeline:*\"\n\t\t\t\t}\n\t\t\t}\n\t\t},\n\t\t{\n\t\t\t\"Sid\": \"CodeStarNotificationsSNSTopicCreateAccess\",\n\t\t\t\"Effect\": \"Allow\",\n\t\t\t\"Action\": [\n\t\t\t\t\"sns:CreateTopic\",\n\t\t\t\t\"sns:SetTopicAttributes\"\n\t\t\t],\n\t\t\t\"Resource\": \"arn:aws:sns:*:*:codestar-notifications*\"\n\t\t},\n\t\t{\n\t\t\t\"Sid\": \"CodeStarNotificationsChatbotAccess\",\n\t\t\t\"Effect\": \"Allow\",\n\t\t\t\"Action\": [\n\t\t\t\t\"chatbot:DescribeSlackChannelConfigurations\",\n\t\t\t\t\"chatbot:ListMicrosoftTeamsChannelConfigurations\"\n\t\t\t],\n\t\t\t\"Resource\": \"*\"\n\t\t}\n\t],\n\t\"Version\": \"2012-10-17\"\n}",
            "policy_id": "ANPAZKAPJZG4A6ZKP3LKA",
            "tags": {}
          },
          "sensitive_attributes": [],
          "identity_schema_version": 0
        }
      ]
    },
    {
      "mode": "data",
      "type": "aws_iam_policy",
      "name": "ec2_policy",
      "provider": "provider[\"registry.terraform.io/hashicorp/aws\"]",
      "instances": [
        {
          "schema_version": 0,
          "attributes": {
            "arn": "arn:aws:iam::aws:policy/service-role/AmazonEC2RoleforAWSCodeDeploy",
            "attachment_count": 2,
            "description": "Provides EC2 access to S3 bucket to download revision. This role is needed by the CodeDeploy agent on EC2 instances.",
            "id": "arn:aws:iam::aws:policy/service-role/AmazonEC2RoleforAWSCodeDeploy",
            "name": "AmazonEC2RoleforAWSCodeDeploy",
            "path": "/service-role/",
            "path_prefix": null,
            "policy": "{\n  \"Version\": \"2012-10-17\",\n  \"Statement\": [\n    {\n      \"Action\": [\n        \"s3:GetObject\",\n        \"s3:GetObjectVersion\",\n        \"s3:ListBucket\"\n      ],\n      \"Effect\": \"Allow\",\n      \"Resource\": \"*\"\n    }\n  ]\n}",
            "policy_id": "ANPAIAZKXZ27TAJ4PVWGK",
            "tags": {}
          },
          "sensitive_attributes": [],
          "identity_schema_version": 0
        }
      ]
    },
    {
      "mode": "data",
      "type": "aws_iam_policy",
      "name": "ec2_policy2",
      "provider": "provider[\"registry.terraform.io/hashicorp/aws\"]",
      "instances": [
        {
          "schema_version": 0,
          "attributes": {
            "arn": "arn:aws:iam::aws:policy/AWSCodeDeployFullAccess",
            "attachment_count": 1,
            "description": "Provides full access to CodeDeploy resources.",
            "id": "arn:aws:iam::aws:policy/AWSCodeDeployFullAccess",
            "name": "AWSCodeDeployFullAccess",
            "path": "/",
            "path_prefix": null,
            "policy": "{\n\t\"Version\": \"2012-10-17\",\n\t\"Statement\": [\n\t\t{\n\t\t\t\"Action\": \"codedeploy:*\",\n\t\t\t\"Effect\": \"Allow\",\n\t\t\t\"Resource\": \"*\"\n\t\t},\n\t\t{\n\t\t\t\"Sid\": \"CodeStarNotificationsReadWriteAccess\",\n\t\t\t\"Effect\": \"Allow\",\n\t\t\t\"Action\": [\n\t\t\t\t\"codestar-notifications:CreateNotificationRule\",\n\t\t\t\t\"codestar-notifications:DescribeNotificationRule\",\n\t\t\t\t\"codestar-notifications:UpdateNotificationRule\",\n\t\t\t\t\"codestar-notifications:DeleteNotificationRule\",\n\t\t\t\t\"codestar-notifications:Subscribe\",\n\t\t\t\t\"codestar-notifications:Unsubscribe\"\n\t\t\t],\n\t\t\t\"Resource\": \"*\",\n\t\t\t\"Condition\": {\n\t\t\t\t\"ArnLike\": {\n\t\t\t\t\t\"codestar-notifications:NotificationsForResource\": \"arn:aws:codedeploy:*:*:application:*\"\n\t\t\t\t}\n\t\t\t}\n\t\t},\n\t\t{\n\t\t\t\"Sid\": \"CodeStarNotificationsListAccess\",\n\t\t\t\"Effect\": \"Allow\",\n\t\t\t\"Action\": [\n\t\t\t\t\"codestar-notifications:ListNotificationRules\",\n\t\t\t\t\"codestar-notifications:ListTargets\",\n\t\t\t\t\"codestar-notifications:ListTagsforResource\",\n\t\t\t\t\"codestar-notifications:ListEventTypes\"\n\t\t\t],\n\t\t\t\"Resource\": \"*\"\n\t\t},\n\t\t{\n\t\t\t\"Sid\": \"CodeStarNotificationsSNSTopicCreateAccess\",\n\t\t\t\"Effect\": \"Allow\",\n\t\t\t\"Action\": [\n\t\t\t\t\"sns:CreateTopic\",\n\t\t\t\t\"sns:SetTopicAttributes\"\n\t\t\t],\n\t\t\t\"Resource\": \"arn:aws:sns:*:*:codestar-notifications*\"\n\t\t},\n\t\t{\n\t\t\t\"Sid\": \"CodeStarNotificationsChatbotAccess\",\n\t\t\t\"Effect\": \"Allow\",\n\t\t\t\"Action\": [\n\t\t\t\t\"chatbot:DescribeSlackChannelConfigurations\"\n\t\t\t],\n\t\t\t\"Resource\": \"*\"\n\t\t},\n\t\t{\n\t\t\t\"Sid\": \"SNSTopicListAccess\",\n\t\t\t\"Effect\": \"Allow\",\n\t\t\t\"Action\": [\n\t\t\t\t\"sns:ListTopics\"\n\t\t\t],\n\t\t\t\"Resource\": \"*\"\n\t\t}\n\t]\n}",
            "policy_id": "ANPAIONKN3TJZUKXCHXWC",
            "tags": {}
          },
          "sensitive_attributes": [],
          "identity_schema_version": 0
        }
      ]
    },
    {
      "mode": "data",
      "type": "aws_vpc",
      "name": "default",
      "provider": "provider[\"registry.terraform.io/hashicorp/aws\"]",
      "instances": [
        {
          "schema_version": 0,
          "attributes": {
            "arn": "arn:aws:ec2:us-east-1:697523161499:vpc/vpc-0cf63cf6887cc2a26",
            "cidr_block": "172.31.0.0/16",
            "cidr_block_associations": [
              {
                "association_id": "vpc-cidr-assoc-030c4c8115ad2841c",
                "cidr_block": "172.31.0.0/16",
                "state": "associated"
              }
            ],
            "default": true,
            "dhcp_options_id": "dopt-0ebc999f18d2113e4",
            "enable_dns_hostnames": true,
            "enable_dns_support": true,
            "enable_network_address_usage_metrics": false,
            "filter": null,
            "id": "vpc-0cf63cf6887cc2a26",
            "instance_tenancy": "default",
            "ipv6_association_id": "",
            "ipv6_cidr_block": "",
            "main_route_table_id": "rtb-0ea647cc280517a79",
            "owner_id": "697523161499",
            "state": null,
            "tags": {},
            "timeouts": null
          },
          "sensitive_attributes": [],
          "identity_schema_version": 0
        }
      ]
    },
    {
      "mode": "managed",
      "type": "aws_codedeploy_app",
      "name": "cdapp",
      "provider": "provider[\"registry.terraform.io/hashicorp/aws\"]",
      "instances": [
        {
          "schema_version": 0,
          "attributes": {
            "application_id": "4a8c27d9-ef4d-424b-9e89-0035f941250e",
            "arn": "arn:aws:codedeploy:us-east-1:697523161499:application:tfcdapp",
            "compute_platform": "Server",
            "github_account_name": "",
            "id": "4a8c27d9-ef4d-424b-9e89-0035f941250e:tfcdapp",
            "linked_to_github": false,
            "name": "tfcdapp",
            "tags": {},
            "tags_all": {}
          },
          "sensitive_attributes": [],
          "identity_schema_version": 0,
          "private": "bnVsbA=="
        }
      ]
    },
    {
      "mode": "managed",
      "type": "aws_codedeploy_deployment_group",
      "name": "cdgroup",
      "provider": "provider[\"registry.terraform.io/hashicorp/aws\"]",
      "instances": [
        {
          "schema_version": 0,
          "attributes": {
            "alarm_configuration": [],
            "app_name": "tfcdapp",
            "arn": "arn:aws:codedeploy:us-east-1:697523161499:deploymentgroup:tfcdapp/tfcdgroup",
            "auto_rollback_configuration": [],
            "autoscaling_groups": [],
            "blue_green_deployment_config": [],
            "compute_platform": "Server",
            "deployment_config_name": "CodeDeployDefault.OneAtATime",
            "deployment_group_id": "d88b18cb-efc9-4e09-b716-f34cf548c0b5",
            "deployment_group_name": "tfcdgroup",
            "deployment_style": [
              {
                "deployment_option": "WITHOUT_TRAFFIC_CONTROL",
                "deployment_type": "IN_PLACE"
              }
            ],
            "ec2_tag_filter": [],
            "ec2_tag_set": [
              {
                "ec2_tag_filter": [
                  {
                    "key": "Name",
                    "type": "KEY_AND_VALUE",
                    "value": "tf_instance"
                  }
                ]
              }
            ],
            "ecs_service": [],
            "id": "d88b18cb-efc9-4e09-b716-f34cf548c0b5",
            "load_balancer_info": [],
            "on_premises_instance_tag_filter": [],
            "outdated_instances_strategy": "UPDATE",
            "service_role_arn": "arn:aws:iam::697523161499:role/codedeploy-role-tf",
            "tags": {},
            "tags_all": {},
            "termination_hook_enabled": false,
            "trigger_configuration": []
          },
          "sensitive_attributes": [],
          "identity_schema_version": 0,
          "private": "bnVsbA==",
          "dependencies": [
            "aws_codedeploy_app.cdapp",
            "aws_iam_role.trust-codedeploy"
          ]
        }
      ]
    },
    {
      "mode": "managed",
      "type": "aws_codepipeline",
      "name": "cdpipeline",
      "provider": "provider[\"registry.terraform.io/hashicorp/aws\"]",
      "instances": [
        {
          "schema_version": 0,
          "attributes": {
            "arn": "arn:aws:codepipeline:us-east-1:697523161499:tf-cd-pipeline",
            "artifact_store": [
              {
                "encryption_key": [],
                "location": "tf-cd-pipeline-s3-1912-abhi-hoovai-linux",
                "region": "",
                "type": "S3"
              }
            ],
            "execution_mode": "SUPERSEDED",
            "id": "tf-cd-pipeline",
            "name": "tf-cd-pipeline",
            "pipeline_type": "V1",
            "role_arn": "arn:aws:iam::697523161499:role/codepipeline-role-tf",
            "stage": [
              {
                "action": [
                  {
                    "category": "Source",
                    "configuration": {
                      "BranchName": "main",
                      "ConnectionArn": "arn:aws:codestar-connections:us-east-1:697523161499:connection/0e5eef74-d9e8-4484-b896-0c9b980c3e12",
                      "FullRepositoryId": "Abhijithathoovai/codedeploytest"
                    },
                    "input_artifacts": [],
                    "name": "GitHub_Source",
                    "namespace": "",
                    "output_artifacts": [
                      "source_output"
                    ],
                    "owner": "AWS",
                    "provider": "CodeStarSourceConnection",
                    "region": "",
                    "role_arn": "",
                    "run_order": 1,
                    "timeout_in_minutes": 0,
                    "version": "1"
                  }
                ],
                "before_entry": [],
                "name": "Source",
                "on_failure": [],
                "on_success": []
              },
              {
                "action": [
                  {
                    "category": "Deploy",
                    "configuration": {
                      "ApplicationName": "tfcdapp",
                      "DeploymentGroupName": "tfcdgroup"
                    },
                    "input_artifacts": [
                      "source_output"
                    ],
                    "name": "Deploy_to_EC2",
                    "namespace": "",
                    "output_artifacts": [],
                    "owner": "AWS",
                    "provider": "CodeDeploy",
                    "region": "",
                    "role_arn": "",
                    "run_order": 1,
                    "timeout_in_minutes": 0,
                    "version": "1"
                  }
                ],
                "before_entry": [],
                "name": "Deploy",
                "on_failure": [],
                "on_success": []
              }
            ],
            "tags": {},
            "tags_all": {},
            "trigger": [],
            "trigger_all": [],
            "variable": []
          },
          "sensitive_attributes": [],
          "identity_schema_version": 0,
          "private": "bnVsbA==",
          "dependencies": [
            "aws_codedeploy_app.cdapp",
            "aws_codedeploy_deployment_group.cdgroup",
            "aws_codestarconnections_connection.codestar",
            "aws_iam_role.trust-codedeploy",
            "aws_iam_role.trust-pipeline",
            "aws_s3_bucket.tf-codepipeline_bucket"
          ]
        }
      ]
    },
    {
      "mode": "managed",
      "type": "aws_codestarconnections_connection",
      "name": "codestar",
      "provider": "provider[\"registry.terraform.io/hashicorp/aws\"]",
      "instances": [
        {
          "schema_version": 0,
          "attributes": {
            "arn": "arn:aws:codestar-connections:us-east-1:697523161499:connection/0e5eef74-d9e8-4484-b896-0c9b980c3e12",
            "connection_status": "PENDING",
            "host_arn": "",
            "id": "arn:aws:codestar-connections:us-east-1:697523161499:connection/0e5eef74-d9e8-4484-b896-0c9b980c3e12",
            "name": "tf-codestar-hoovai",
            "provider_type": "GitHub",
            "tags": {},
            "tags_all": {}
          },
          "sensitive_attributes": [],
          "identity_schema_version": 0,
          "private": "bnVsbA=="
        }
      ]
    },
    {
      "mode": "managed",
      "type": "aws_iam_instance_profile",
      "name": "ec2_tf-cd-profile",
      "provider": "provider[\"registry.terraform.io/hashicorp/aws\"]",
      "instances": [
        {
          "schema_version": 0,
          "attributes": {
            "arn": "arn:aws:iam::697523161499:instance-profile/ec2_tf-cd-profile",
            "create_date": "2025-06-25T12:05:45Z",
            "id": "ec2_tf-cd-profile",
            "name": "ec2_tf-cd-profile",
            "name_prefix": "",
            "path": "/",
            "role": "ec2-role-tf",
            "tags": {},
            "tags_all": {},
            "unique_id": "AIPA2EZ46ZGN5JEE6KYPM"
          },
          "sensitive_attributes": [],
          "identity_schema_version": 0,
          "private": "bnVsbA==",
          "dependencies": [
            "aws_iam_role.trust-ec2"
          ]
        }
      ]
    },
    {
      "mode": "managed",
      "type": "aws_iam_policy",
      "name": "cd-pipeline-policy",
      "provider": "provider[\"registry.terraform.io/hashicorp/aws\"]",
      "instances": [
        {
          "schema_version": 0,
          "attributes": {
            "arn": "arn:aws:iam::697523161499:policy/cdpv2",
            "attachment_count": 0,
            "description": "Policy for CodePipeline to have full access to EC2, S3, CodeDeploy, and CodeStar",
            "id": "arn:aws:iam::697523161499:policy/cdpv2",
            "name": "cdpv2",
            "name_prefix": "",
            "path": "/",
            "policy": "{\"Statement\":[{\"Action\":\"ec2:*\",\"Effect\":\"Allow\",\"Resource\":\"*\",\"Sid\":\"EC2FullAccess\"},{\"Action\":\"s3:*\",\"Effect\":\"Allow\",\"Resource\":\"*\",\"Sid\":\"S3FullAccess\"},{\"Action\":\"codedeploy:*\",\"Effect\":\"Allow\",\"Resource\":\"*\",\"Sid\":\"CodeDeployFullAccess\"},{\"Action\":\"codestar:*\",\"Effect\":\"Allow\",\"Resource\":\"*\",\"Sid\":\"CodeStarFullAccess\"},{\"Action\":\"iam:PassRole\",\"Condition\":{\"StringLike\":{\"iam:PassedToService\":[\"codedeploy.amazonaws.com\",\"codepipeline.amazonaws.com\",\"ec2.amazonaws.com\"]}},\"Effect\":\"Allow\",\"Resource\":\"*\",\"Sid\":\"PassRoleForServices\"}],\"Version\":\"2012-10-17\"}",
            "policy_id": "ANPA2EZ46ZGN63EAUJGUJ",
            "tags": null,
            "tags_all": {}
          },
          "sensitive_attributes": [],
          "identity_schema_version": 0,
          "private": "bnVsbA=="
        }
      ]
    },
    {
      "mode": "managed",
      "type": "aws_iam_role",
      "name": "trust-codedeploy",
      "provider": "provider[\"registry.terraform.io/hashicorp/aws\"]",
      "instances": [
        {
          "schema_version": 0,
          "attributes": {
            "arn": "arn:aws:iam::697523161499:role/codedeploy-role-tf",
            "assume_role_policy": "{\"Statement\":[{\"Action\":\"sts:AssumeRole\",\"Effect\":\"Allow\",\"Principal\":{\"Service\":\"codedeploy.amazonaws.com\"},\"Sid\":\"\"}],\"Version\":\"2012-10-17\"}",
            "create_date": "2025-06-25T12:05:44Z",
            "description": "",
            "force_detach_policies": false,
            "id": "codedeploy-role-tf",
            "inline_policy": [],
            "managed_policy_arns": [
              "arn:aws:iam::aws:policy/service-role/AWSCodeDeployRole"
            ],
            "max_session_duration": 3600,
            "name": "codedeploy-role-tf",
            "name_prefix": "",
            "path": "/",
            "permissions_boundary": "",
            "tags": {
              "tag-key": "trust-codedeploy"
            },
            "tags_all": {
              "tag-key": "trust-codedeploy"
            },
            "unique_id": "AROA2EZ46ZGNZE7RJBBFT"
          },
          "sensitive_attributes": [],
          "identity_schema_version": 0,
          "private": "bnVsbA=="
        }
      ]
    },
    {
      "mode": "managed",
      "type": "aws_iam_role",
      "name": "trust-ec2",
      "provider": "provider[\"registry.terraform.io/hashicorp/aws\"]",
      "instances": [
        {
          "schema_version": 0,
          "attributes": {
            "arn": "arn:aws:iam::697523161499:role/ec2-role-tf",
            "assume_role_policy": "{\"Statement\":[{\"Action\":\"sts:AssumeRole\",\"Effect\":\"Allow\",\"Principal\":{\"Service\":\"ec2.amazonaws.com\"},\"Sid\":\"\"}],\"Version\":\"2012-10-17\"}",
            "create_date": "2025-06-25T12:05:44Z",
            "description": "",
            "force_detach_policies": false,
            "id": "ec2-role-tf",
            "inline_policy": [],
            "managed_policy_arns": [
              "arn:aws:iam::aws:policy/AWSCodeDeployFullAccess",
              "arn:aws:iam::aws:policy/service-role/AmazonEC2RoleforAWSCodeDeploy"
            ],
            "max_session_duration": 3600,
            "name": "ec2-role-tf",
            "name_prefix": "",
            "path": "/",
            "permissions_boundary": "",
            "tags": {
              "tag-key": "trust-ec2"
            },
            "tags_all": {
              "tag-key": "trust-ec2"
            },
            "unique_id": "AROA2EZ46ZGNWH7SYUIA6"
          },
          "sensitive_attributes": [],
          "identity_schema_version": 0,
          "private": "bnVsbA=="
        }
      ]
    },
    {
      "mode": "managed",
      "type": "aws_iam_role",
      "name": "trust-pipeline",
      "provider": "provider[\"registry.terraform.io/hashicorp/aws\"]",
      "instances": [
        {
          "schema_version": 0,
          "attributes": {
            "arn": "arn:aws:iam::697523161499:role/codepipeline-role-tf",
            "assume_role_policy": "{\"Statement\":[{\"Action\":\"sts:AssumeRole\",\"Effect\":\"Allow\",\"Principal\":{\"Service\":\"codepipeline.amazonaws.com\"},\"Sid\":\"\"}],\"Version\":\"2012-10-17\"}",
            "create_date": "2025-06-25T12:05:44Z",
            "description": "",
            "force_detach_policies": false,
            "id": "codepipeline-role-tf",
            "inline_policy": [
              {
                "name": "AllowCodeStarConnection",
                "policy": "{\"Version\":\"2012-10-17\",\"Statement\":[{\"Action\":[\"codestar-connections:UseConnection\"],\"Effect\":\"Allow\",\"Resource\":\"arn:aws:codestar-connections:us-east-1:697523161499:connection/0e5eef74-d9e8-4484-b896-0c9b980c3e12\"}]}"
              }
            ],
            "managed_policy_arns": [],
            "max_session_duration": 3600,
            "name": "codepipeline-role-tf",
            "name_prefix": "",
            "path": "/",
            "permissions_boundary": "",
            "tags": {
              "tag-key": "trust-codepipeline"
            },
            "tags_all": {
              "tag-key": "trust-codepipeline"
            },
            "unique_id": "AROA2EZ46ZGNSFQJTHLTH"
          },
          "sensitive_attributes": [],
          "identity_schema_version": 0,
          "private": "bnVsbA=="
        }
      ]
    },
    {
      "mode": "managed",
      "type": "aws_iam_role_policy",
      "name": "allow_codestar_connection",
      "provider": "provider[\"registry.terraform.io/hashicorp/aws\"]",
      "instances": [
        {
          "schema_version": 0,
          "attributes": {
            "id": "codepipeline-role-tf:AllowCodeStarConnection",
            "name": "AllowCodeStarConnection",
            "name_prefix": "",
            "policy": "{\"Version\":\"2012-10-17\",\"Statement\":[{\"Action\":[\"codestar-connections:UseConnection\"],\"Effect\":\"Allow\",\"Resource\":\"arn:aws:codestar-connections:us-east-1:697523161499:connection/0e5eef74-d9e8-4484-b896-0c9b980c3e12\"}]}",
            "role": "codepipeline-role-tf"
          },
          "sensitive_attributes": [],
          "identity_schema_version": 0,
          "private": "bnVsbA==",
          "dependencies": [
            "aws_codestarconnections_connection.codestar",
            "aws_iam_role.trust-pipeline"
          ]
        }
      ]
    },
    {
      "mode": "managed",
      "type": "aws_iam_role_policy_attachment",
      "name": "codedeploy-tf-attach",
      "provider": "provider[\"registry.terraform.io/hashicorp/aws\"]",
      "instances": [
        {
          "schema_version": 0,
          "attributes": {
            "id": "codedeploy-role-tf-20250625120546612900000001",
            "policy_arn": "arn:aws:iam::aws:policy/service-role/AWSCodeDeployRole",
            "role": "codedeploy-role-tf"
          },
          "sensitive_attributes": [],
          "identity_schema_version": 0,
          "private": "bnVsbA==",
          "dependencies": [
            "aws_iam_role.trust-codedeploy",
            "data.aws_iam_policy.codedeploy_policy"
          ]
        }
      ]
    },
    {
      "mode": "managed",
      "type": "aws_iam_role_policy_attachment",
      "name": "codepipeline-tf-attach",
      "provider": "provider[\"registry.terraform.io/hashicorp/aws\"]",
      "instances": [
        {
          "schema_version": 0,
          "attributes": {
            "id": "codepipeline-role-tf-20250625121038526300000001",
            "policy_arn": "arn:aws:iam::697523161499:policy/cdpv2",
            "role": "codepipeline-role-tf"
          },
          "sensitive_attributes": [],
          "identity_schema_version": 0,
          "private": "bnVsbA==",
          "dependencies": [
            "aws_iam_policy.cd-pipeline-policy",
            "aws_iam_role.trust-pipeline"
          ]
        }
      ]
    },
    {
      "mode": "managed",
      "type": "aws_iam_role_policy_attachment",
      "name": "ec2-tf-attach",
      "provider": "provider[\"registry.terraform.io/hashicorp/aws\"]",
      "instances": [
        {
          "schema_version": 0,
          "attributes": {
            "id": "ec2-role-tf-20250625120546686700000002",
            "policy_arn": "arn:aws:iam::aws:policy/service-role/AmazonEC2RoleforAWSCodeDeploy",
            "role": "ec2-role-tf"
          },
          "sensitive_attributes": [],
          "identity_schema_version": 0,
          "private": "bnVsbA==",
          "dependencies": [
            "aws_iam_role.trust-ec2",
            "data.aws_iam_policy.ec2_policy"
          ]
        }
      ]
    },
    {
      "mode": "managed",
      "type": "aws_iam_role_policy_attachment",
      "name": "ec2-tf-attach2",
      "provider": "provider[\"registry.terraform.io/hashicorp/aws\"]",
      "instances": [
        {
          "schema_version": 0,
          "attributes": {
            "id": "ec2-role-tf-20250625120546694100000003",
            "policy_arn": "arn:aws:iam::aws:policy/AWSCodeDeployFullAccess",
            "role": "ec2-role-tf"
          },
          "sensitive_attributes": [],
          "identity_schema_version": 0,
          "private": "bnVsbA==",
          "dependencies": [
            "aws_iam_role.trust-ec2",
            "data.aws_iam_policy.ec2_policy2"
          ]
        }
      ]
    },
    {
      "mode": "managed",
      "type": "aws_instance",
      "name": "tf-web",
      "provider": "provider[\"registry.terraform.io/hashicorp/aws\"]",
      "instances": [
        {
          "schema_version": 1,
          "attributes": {
            "ami": "ami-0a7d80731ae1b2435",
            "arn": "arn:aws:ec2:us-east-1:697523161499:instance/i-0fc9e080251d858ae",
            "associate_public_ip_address": true,
            "availability_zone": "us-east-1a",
            "capacity_reservation_specification": [
              {
                "capacity_reservation_preference": "open",
                "capacity_reservation_target": []
              }
            ],
            "cpu_core_count": 1,
            "cpu_options": [
              {
                "amd_sev_snp": "",
                "core_count": 1,
                "threads_per_core": 2
              }
            ],
            "cpu_threads_per_core": 2,
            "credit_specification": [
              {
                "cpu_credits": "unlimited"
              }
            ],
            "disable_api_stop": false,
            "disable_api_termination": false,
            "ebs_block_device": [],
            "ebs_optimized": false,
            "enable_primary_ipv6": null,
            "enclave_options": [
              {
                "enabled": false
              }
            ],
            "ephemeral_block_device": [],
            "get_password_data": false,
            "hibernation": false,
            "host_id": "",
            "host_resource_group_arn": null,
            "iam_instance_profile": "ec2_tf-cd-profile",
            "id": "i-0fc9e080251d858ae",
            "instance_initiated_shutdown_behavior": "stop",
            "instance_lifecycle": "",
            "instance_market_options": [],
            "instance_state": "running",
            "instance_type": "t3a.micro",
            "ipv6_address_count": 0,
            "ipv6_addresses": [],
            "key_name": "tfkey",
            "launch_template": [],
            "maintenance_options": [
              {
                "auto_recovery": "default"
              }
            ],
            "metadata_options": [
              {
                "http_endpoint": "enabled",
                "http_protocol_ipv6": "disabled",
                "http_put_response_hop_limit": 1,
                "http_tokens": "optional",
                "instance_metadata_tags": "disabled"
              }
            ],
            "monitoring": false,
            "network_interface": [],
            "outpost_arn": "",
            "password_data": "",
            "placement_group": "",
            "placement_partition_number": 0,
            "primary_network_interface_id": "eni-0fc8592118dc726ca",
            "private_dns": "ip-172-31-27-199.ec2.internal",
            "private_dns_name_options": [
              {
                "enable_resource_name_dns_a_record": false,
                "enable_resource_name_dns_aaaa_record": false,
                "hostname_type": "ip-name"
              }
            ],
            "private_ip": "172.31.27.199",
            "public_dns": "ec2-34-230-5-130.compute-1.amazonaws.com",
            "public_ip": "34.230.5.130",
            "root_block_device": [
              {
                "delete_on_termination": true,
                "device_name": "/dev/sda1",
                "encrypted": false,
                "iops": 100,
                "kms_key_id": "",
                "tags": {},
                "tags_all": {},
                "throughput": 0,
                "volume_id": "vol-0d28e53cd4bfe814f",
                "volume_size": 8,
                "volume_type": "gp2"
              }
            ],
            "secondary_private_ips": [],
            "security_groups": [
              "allow_tls"
            ],
            "source_dest_check": true,
            "spot_instance_request_id": "",
            "subnet_id": "subnet-04d2f8f86af97dc8f",
            "tags": {
              "Name": "tf_instance"
            },
            "tags_all": {
              "Name": "tf_instance"
            },
            "tenancy": "default",
            "timeouts": null,
            "user_data": "f317f35ac2369fd988cbfeeae4121a82f517736e",
            "user_data_base64": null,
            "user_data_replace_on_change": false,
            "volume_tags": null,
            "vpc_security_group_ids": [
              "sg-0f72fc4696db98c82"
            ]
          },
          "sensitive_attributes": [],
          "identity_schema_version": 0,
          "private": "eyJlMmJmYjczMC1lY2FhLTExZTYtOGY4OC0zNDM2M2JjN2M0YzAiOnsiY3JlYXRlIjo2MDAwMDAwMDAwMDAsImRlbGV0ZSI6MTIwMDAwMDAwMDAwMCwicmVhZCI6OTAwMDAwMDAwMDAwLCJ1cGRhdGUiOjYwMDAwMDAwMDAwMH0sInNjaGVtYV92ZXJzaW9uIjoiMSJ9",
          "dependencies": [
            "aws_iam_instance_profile.ec2_tf-cd-profile",
            "aws_iam_role.trust-ec2",
            "aws_key_pair.deployer",
            "aws_security_group.tf_nsg",
            "data.aws_ami.ubuntu",
            "data.aws_vpc.default"
          ]
        }
      ]
    },
    {
      "mode": "managed",
      "type": "aws_key_pair",
      "name": "deployer",
      "provider": "provider[\"registry.terraform.io/hashicorp/aws\"]",
      "instances": [
        {
          "schema_version": 1,
          "attributes": {
            "arn": "arn:aws:ec2:us-east-1:697523161499:key-pair/tfkey",
            "fingerprint": "NrR0pSntsvfdLo8CfaAer9UdtedeX/H5ppvCPmW2mb0=",
            "id": "tfkey",
            "key_name": "tfkey",
            "key_name_prefix": "",
            "key_pair_id": "key-01f6dc025a3af26c7",
            "key_type": "ed25519",
            "public_key": "ssh-ed25519 AAAAC3NzaC1lZDI1NTE5AAAAIAYHjPdOzoVU/OjivX6Srlm1UShQSfGPLWSG0rvglUWV azuread\\abhijithdhanan@DESKTOP-C9A46FA",
            "tags": {},
            "tags_all": {}
          },
          "sensitive_attributes": [],
          "identity_schema_version": 0,
          "private": "eyJzY2hlbWFfdmVyc2lvbiI6IjEifQ=="
        }
      ]
    },
    {
      "mode": "managed",
      "type": "aws_s3_bucket",
      "name": "tf-codepipeline_bucket",
      "provider": "provider[\"registry.terraform.io/hashicorp/aws\"]",
      "instances": [
        {
          "schema_version": 0,
          "attributes": {
            "acceleration_status": "",
            "acl": null,
            "arn": "arn:aws:s3:::tf-cd-pipeline-s3-1912-abhi-hoovai-linux",
            "bucket": "tf-cd-pipeline-s3-1912-abhi-hoovai-linux",
            "bucket_domain_name": "tf-cd-pipeline-s3-1912-abhi-hoovai-linux.s3.amazonaws.com",
            "bucket_prefix": "",
            "bucket_regional_domain_name": "tf-cd-pipeline-s3-1912-abhi-hoovai-linux.s3.us-east-1.amazonaws.com",
            "cors_rule": [],
            "force_destroy": true,
            "grant": [
              {
                "id": "d95f0d5222dff11711bc931d5c33e8e0bded4b64e5d7eeed29692c9c15a1428a",
                "permissions": [
                  "FULL_CONTROL"
                ],
                "type": "CanonicalUser",
                "uri": ""
              }
            ],
            "hosted_zone_id": "Z3AQBSTGFYJSTF",
            "id": "tf-cd-pipeline-s3-1912-abhi-hoovai-linux",
            "lifecycle_rule": [],
            "logging": [],
            "object_lock_configuration": [],
            "object_lock_enabled": false,
            "policy": "",
            "region": "us-east-1",
            "replication_configuration": [],
            "request_payer": "BucketOwner",
            "server_side_encryption_configuration": [
              {
                "rule": [
                  {
                    "apply_server_side_encryption_by_default": [
                      {
                        "kms_master_key_id": "",
                        "sse_algorithm": "AES256"
                      }
                    ],
                    "bucket_key_enabled": false
                  }
                ]
              }
            ],
            "tags": {
              "Name": "tf-cd-pipeline"
            },
            "tags_all": {
              "Name": "tf-cd-pipeline"
            },
            "timeouts": null,
            "versioning": [
              {
                "enabled": false,
                "mfa_delete": false
              }
            ],
            "website": [],
            "website_domain": null,
            "website_endpoint": null
          },
          "sensitive_attributes": [],
          "identity_schema_version": 0,
          "private": "eyJlMmJmYjczMC1lY2FhLTExZTYtOGY4OC0zNDM2M2JjN2M0YzAiOnsiY3JlYXRlIjoxMjAwMDAwMDAwMDAwLCJkZWxldGUiOjM2MDAwMDAwMDAwMDAsInJlYWQiOjEyMDAwMDAwMDAwMDAsInVwZGF0ZSI6MTIwMDAwMDAwMDAwMH19"
        }
      ]
    },
    {
      "mode": "managed",
      "type": "aws_security_group",
      "name": "tf_nsg",
      "provider": "provider[\"registry.terraform.io/hashicorp/aws\"]",
      "instances": [
        {
          "schema_version": 1,
          "attributes": {
            "arn": "arn:aws:ec2:us-east-1:697523161499:security-group/sg-0f72fc4696db98c82",
            "description": "Allow TLS inbound traffic and all outbound traffic",
            "egress": [
              {
                "cidr_blocks": [
                  "0.0.0.0/0"
                ],
                "description": "",
                "from_port": 0,
                "ipv6_cidr_blocks": [
                  "::/0"
                ],
                "prefix_list_ids": [],
                "protocol": "-1",
                "security_groups": [],
                "self": false,
                "to_port": 0
              }
            ],
            "id": "sg-0f72fc4696db98c82",
            "ingress": [
              {
                "cidr_blocks": [
                  "0.0.0.0/0"
                ],
                "description": "",
                "from_port": 22,
                "ipv6_cidr_blocks": [],
                "prefix_list_ids": [],
                "protocol": "tcp",
                "security_groups": [],
                "self": false,
                "to_port": 22
              },
              {
                "cidr_blocks": [
                  "0.0.0.0/0"
                ],
                "description": "",
                "from_port": 80,
                "ipv6_cidr_blocks": [],
                "prefix_list_ids": [],
                "protocol": "tcp",
                "security_groups": [],
                "self": false,
                "to_port": 80
              }
            ],
            "name": "allow_tls",
            "name_prefix": "",
            "owner_id": "697523161499",
            "revoke_rules_on_delete": false,
            "tags": {
              "Name": "allow_tls"
            },
            "tags_all": {
              "Name": "allow_tls"
            },
            "timeouts": null,
            "vpc_id": "vpc-0cf63cf6887cc2a26"
          },
          "sensitive_attributes": [],
          "identity_schema_version": 0,
          "private": "eyJlMmJmYjczMC1lY2FhLTExZTYtOGY4OC0zNDM2M2JjN2M0YzAiOnsiY3JlYXRlIjo2MDAwMDAwMDAwMDAsImRlbGV0ZSI6OTAwMDAwMDAwMDAwfSwic2NoZW1hX3ZlcnNpb24iOiIxIn0=",
          "dependencies": [
            "data.aws_vpc.default"
          ]
        }
      ]
    },
    {
      "mode": "managed",
      "type": "aws_vpc_security_group_egress_rule",
      "name": "allow_all_traffic_ipv4",
      "provider": "provider[\"registry.terraform.io/hashicorp/aws\"]",
      "instances": [
        {
          "schema_version": 0,
          "attributes": {
            "arn": "arn:aws:ec2:us-east-1:697523161499:security-group-rule/sgr-0262a63b1feb6b59b",
            "cidr_ipv4": "0.0.0.0/0",
            "cidr_ipv6": null,
            "description": null,
            "from_port": null,
            "id": "sgr-0262a63b1feb6b59b",
            "ip_protocol": "-1",
            "prefix_list_id": null,
            "referenced_security_group_id": null,
            "security_group_id": "sg-0f72fc4696db98c82",
            "security_group_rule_id": "sgr-0262a63b1feb6b59b",
            "tags": null,
            "tags_all": {},
            "to_port": null
          },
          "sensitive_attributes": [],
          "identity_schema_version": 0,
          "dependencies": [
            "aws_security_group.tf_nsg",
            "data.aws_vpc.default"
          ]
        }
      ]
    },
    {
      "mode": "managed",
      "type": "aws_vpc_security_group_egress_rule",
      "name": "allow_all_traffic_ipv6",
      "provider": "provider[\"registry.terraform.io/hashicorp/aws\"]",
      "instances": [
        {
          "schema_version": 0,
          "attributes": {
            "arn": "arn:aws:ec2:us-east-1:697523161499:security-group-rule/sgr-044d85ba5a00cab88",
            "cidr_ipv4": null,
            "cidr_ipv6": "::/0",
            "description": null,
            "from_port": null,
            "id": "sgr-044d85ba5a00cab88",
            "ip_protocol": "-1",
            "prefix_list_id": null,
            "referenced_security_group_id": null,
            "security_group_id": "sg-0f72fc4696db98c82",
            "security_group_rule_id": "sgr-044d85ba5a00cab88",
            "tags": null,
            "tags_all": {},
            "to_port": null
          },
          "sensitive_attributes": [],
          "identity_schema_version": 0,
          "dependencies": [
            "aws_security_group.tf_nsg",
            "data.aws_vpc.default"
          ]
        }
      ]
    },
    {
      "mode": "managed",
      "type": "aws_vpc_security_group_ingress_rule",
      "name": "allow_tls_ipv4",
      "provider": "provider[\"registry.terraform.io/hashicorp/aws\"]",
      "instances": [
        {
          "schema_version": 0,
          "attributes": {
            "arn": "arn:aws:ec2:us-east-1:697523161499:security-group-rule/sgr-0f8ccfb2d555f39af",
            "cidr_ipv4": "0.0.0.0/0",
            "cidr_ipv6": null,
            "description": null,
            "from_port": 22,
            "id": "sgr-0f8ccfb2d555f39af",
            "ip_protocol": "tcp",
            "prefix_list_id": null,
            "referenced_security_group_id": null,
            "security_group_id": "sg-0f72fc4696db98c82",
            "security_group_rule_id": "sgr-0f8ccfb2d555f39af",
            "tags": null,
            "tags_all": {},
            "to_port": 22
          },
          "sensitive_attributes": [],
          "identity_schema_version": 0,
          "dependencies": [
            "aws_security_group.tf_nsg",
            "data.aws_vpc.default"
          ]
        }
      ]
    },
    {
      "mode": "managed",
      "type": "aws_vpc_security_group_ingress_rule",
      "name": "allow_tls_ipv6",
      "provider": "provider[\"registry.terraform.io/hashicorp/aws\"]",
      "instances": [
        {
          "schema_version": 0,
          "attributes": {
            "arn": "arn:aws:ec2:us-east-1:697523161499:security-group-rule/sgr-0f7361f79cefabeaa",
            "cidr_ipv4": "0.0.0.0/0",
            "cidr_ipv6": null,
            "description": null,
            "from_port": 80,
            "id": "sgr-0f7361f79cefabeaa",
            "ip_protocol": "tcp",
            "prefix_list_id": null,
            "referenced_security_group_id": null,
            "security_group_id": "sg-0f72fc4696db98c82",
            "security_group_rule_id": "sgr-0f7361f79cefabeaa",
            "tags": null,
            "tags_all": {},
            "to_port": 80
          },
          "sensitive_attributes": [],
          "identity_schema_version": 0,
          "dependencies": [
            "aws_security_group.tf_nsg",
            "data.aws_vpc.default"
          ]
        }
      ]
    }
  ],
  "check_results": null
}
